
Microsoft Visual Studio Solution File, Format Version 12.00
# Visual Studio 2012
Project("{FAE04EC0-301F-11D3-BF4B-00C04F79EFBC}") = "DataVeryLite", "DataVeryLite\DataVeryLite.csproj", "{0AD6E40A-F35F-46F5-A9F4-79A4C9D57900}"
EndProject
Project("{FAE04EC0-301F-11D3-BF4B-00C04F79EFBC}") = "DataVeryLite.NTest", "DataVeryLite.NTest\DataVeryLite.NTest.csproj", "{3108C49F-022A-4C3E-8256-92EE4167A437}"
EndProject
Global
	GlobalSection(SolutionConfigurationPlatforms) = preSolution
		Debug|Any CPU = Debug|Any CPU
		Release|Any CPU = Release|Any CPU
	EndGlobalSection
	GlobalSection(ProjectConfigurationPlatforms) = postSolution
		{0AD6E40A-F35F-46F5-A9F4-79A4C9D57900}.Debug|Any CPU.ActiveCfg = Debug|Any CPU
		{0AD6E40A-F35F-46F5-A9F4-79A4C9D57900}.Debug|Any CPU.Build.0 = Debug|Any CPU
		{0AD6E40A-F35F-46F5-A9F4-79A4C9D57900}.Release|Any CPU.ActiveCfg = Release|Any CPU
		{0AD6E40A-F35F-46F5-A9F4-79A4C9D57900}.Release|Any CPU.Build.0 = Release|Any CPU
		{3108C49F-022A-4C3E-8256-92EE4167A437}.Debug|Any CPU.ActiveCfg = Debug|Any CPU
		{3108C49F-022A-4C3E-8256-92EE4167A437}.Debug|Any CPU.Build.0 = Debug|Any CPU
		{3108C49F-022A-4C3E-8256-92EE4167A437}.Release|Any CPU.ActiveCfg = Release|Any CPU
		{3108C49F-022A-4C3E-8256-92EE4167A437}.Release|Any CPU.Build.0 = Release|Any CPU
	EndGlobalSection
	GlobalSection(SolutionProperties) = preSolution
		HideSolutionNode = FALSE
	EndGlobalSection
EndGlobal
