
Microsoft Visual Studio Solution File, Format Version 12.00
# Visual Studio 15
VisualStudioVersion = 15.0.27004.2008
MinimumVisualStudioVersion = 10.0.40219.1
Project("{FAE04EC0-301F-11D3-BF4B-00C04F79EFBC}") = "DataVeryLite.NTest", "DataVeryLite.NTest\DataVeryLite.NTest.csproj", "{3108C49F-022A-4C3E-8256-92EE4167A437}"
EndProject
Project("{9A19103F-16F7-4668-BE54-9A1E7A4F7556}") = "DataVeryLite", "DataVeryLite\DataVeryLite.csproj", "{F7307CC3-FEA6-4208-A8AF-D26C22502092}"
EndProject
Global
	GlobalSection(SolutionConfigurationPlatforms) = preSolution
		Debug|Any CPU = Debug|Any CPU
		Release|Any CPU = Release|Any CPU
	EndGlobalSection
	GlobalSection(ProjectConfigurationPlatforms) = postSolution
		{3108C49F-022A-4C3E-8256-92EE4167A437}.Debug|Any CPU.ActiveCfg = Debug|Any CPU
		{3108C49F-022A-4C3E-8256-92EE4167A437}.Debug|Any CPU.Build.0 = Debug|Any CPU
		{3108C49F-022A-4C3E-8256-92EE4167A437}.Release|Any CPU.ActiveCfg = Release|Any CPU
		{3108C49F-022A-4C3E-8256-92EE4167A437}.Release|Any CPU.Build.0 = Release|Any CPU
		{F7307CC3-FEA6-4208-A8AF-D26C22502092}.Debug|Any CPU.ActiveCfg = Debug|Any CPU
		{F7307CC3-FEA6-4208-A8AF-D26C22502092}.Debug|Any CPU.Build.0 = Debug|Any CPU
		{F7307CC3-FEA6-4208-A8AF-D26C22502092}.Release|Any CPU.ActiveCfg = Release|Any CPU
		{F7307CC3-FEA6-4208-A8AF-D26C22502092}.Release|Any CPU.Build.0 = Release|Any CPU
	EndGlobalSection
	GlobalSection(SolutionProperties) = preSolution
		HideSolutionNode = FALSE
	EndGlobalSection
	GlobalSection(ExtensibilityGlobals) = postSolution
		SolutionGuid = {819F2014-4EC3-4F8E-8876-32A0F7FC751E}
	EndGlobalSection
EndGlobal
